
Microsoft Visual Studio Solution File, Format Version 12.00
# Visual Studio Version 17
VisualStudioVersion = 17.7.34003.232
MinimumVisualStudioVersion = 10.0.40219.1
Project("{2150E333-8FDC-42A3-9474-1A3956D46DE8}") = "src", "src", "{B400DD63-F0BF-45F7-9B20-E432258D6C0B}"
EndProject
Project("{2150E333-8FDC-42A3-9474-1A3956D46DE8}") = "Services", "Services", "{83422FFD-5864-4721-827A-E9520FD45220}"
EndProject
Project("{9A19103F-16F7-4668-BE54-9A1E7A4F7556}") = "EA.Parser.Worker", "src\Workers\EA.Parser.Worker\EA.Parser.Worker.csproj", "{7E070543-9B11-4EC5-BF0F-AA876BBF3CB3}"
EndProject
Project("{2150E333-8FDC-42A3-9474-1A3956D46DE8}") = "Backends", "Backends", "{60892F57-A84D-4A23-BB1C-DFE983FA3879}"
EndProject
Project("{9A19103F-16F7-4668-BE54-9A1E7A4F7556}") = "EA.Parser.Infrastructure", "src\Workers\EA.Parser.Infrastructure\EA.Parser.Infrastructure.csproj", "{BF4BD7BF-3865-4FB8-9E62-B022360C9141}"
EndProject
Project("{2150E333-8FDC-42A3-9474-1A3956D46DE8}") = "EA", "EA", "{78CC3DDC-DA6D-41D7-9343-ABD51E7A289A}"
EndProject
Project("{2150E333-8FDC-42A3-9474-1A3956D46DE8}") = "OL", "OL", "{06C70713-1E2B-4A47-B77F-8282CCA818D0}"
EndProject
Project("{9A19103F-16F7-4668-BE54-9A1E7A4F7556}") = "EA.Application", "src\EA\EA.Application\EA.Application.csproj", "{C7C0084A-6B8B-437C-9C09-AF878BAA59DB}"
EndProject
Project("{9A19103F-16F7-4668-BE54-9A1E7A4F7556}") = "EA.Domain", "src\EA\EA.Domain\EA.Domain.csproj", "{0AB6F7DB-EDDC-40B9-9CE7-E27499E48351}"
EndProject
Project("{9A19103F-16F7-4668-BE54-9A1E7A4F7556}") = "EA.Infrastructure", "src\EA\EA.Infrastructure\EA.Infrastructure.csproj", "{D8FCC3DB-1A1E-4BC1-A0AB-7C2BC4D56B64}"
EndProject
Project("{9A19103F-16F7-4668-BE54-9A1E7A4F7556}") = "EA.Presentation", "src\EA\EA.Presentation\EA.Presentation.csproj", "{9F537240-F1CF-4B65-8DCF-2AD7E709F1D5}"
EndProject
Project("{9A19103F-16F7-4668-BE54-9A1E7A4F7556}") = "OL.Application", "src\OL\OL.Application\OL.Application.csproj", "{C9EBCF95-BE42-4F73-859B-B19668422F74}"
EndProject
Project("{9A19103F-16F7-4668-BE54-9A1E7A4F7556}") = "OL.Domain", "src\OL\OL.Domain\OL.Domain.csproj", "{E6565FA7-35E9-4C13-886A-A65BF4394A3F}"
EndProject
Project("{9A19103F-16F7-4668-BE54-9A1E7A4F7556}") = "OL.Infrastructure", "src\OL\OL.Infrastructure\OL.Infrastructure.csproj", "{4DBA1762-B672-4A6A-82C5-2CCFAA07C30E}"
EndProject
Project("{2150E333-8FDC-42A3-9474-1A3956D46DE8}") = "Core", "Core", "{57D0CFBA-B142-4D70-B5CA-CEDB55ED8794}"
EndProject
Project("{9A19103F-16F7-4668-BE54-9A1E7A4F7556}") = "EAnalytics.Common", "src\Core\EAnalytics.Common\EAnalytics.Common.csproj", "{48C56897-62A5-4D4A-BF9B-67A74CC573C4}"
EndProject
Project("{9A19103F-16F7-4668-BE54-9A1E7A4F7556}") = "EA.Migrator", "src\EA\EA.Migrator\EA.Migrator.csproj", "{00F0E279-91EC-448D-930C-104849D5C553}"
EndProject
Project("{9A19103F-16F7-4668-BE54-9A1E7A4F7556}") = "OL.Migrator", "src\OL\OL.Migrator\OL.Migrator.csproj", "{524F4A83-A606-408F-B353-903272AAE59C}"
EndProject
Project("{9A19103F-16F7-4668-BE54-9A1E7A4F7556}") = "OL.Parser.Infrastructure", "src\Workers\OL.Parser.Infrastructure\OL.Parser.Infrastructure.csproj", "{BC5FF31D-10C5-49DB-871E-4992F85D010E}"
EndProject
Project("{9A19103F-16F7-4668-BE54-9A1E7A4F7556}") = "OL.Parser.Worker", "src\Workers\OL.Parser.Worker\OL.Parser.Worker.csproj", "{A0EF17C4-B72B-4973-BF11-48EECB5E037C}"
EndProject
Project("{2150E333-8FDC-42A3-9474-1A3956D46DE8}") = "ApiGateways", "ApiGateways", "{706604D9-3DF8-4F96-954B-87D8F810FE8D}"
EndProject
Project("{9A19103F-16F7-4668-BE54-9A1E7A4F7556}") = "Web.ApiGateway", "src\ApiGateways\Web.ApiGateway\Web.ApiGateway.csproj", "{E5C2339A-001B-4B37-ACE9-5558702E4C6E}"
EndProject
Project("{9A19103F-16F7-4668-BE54-9A1E7A4F7556}") = "EA.Tests", "src\EA\EA.Tests\EA.Tests.csproj", "{2FAAC242-6EB0-4995-9C1C-4082988BA8D6}"
EndProject
Project("{2150E333-8FDC-42A3-9474-1A3956D46DE8}") = "Command", "Command", "{995B34AE-3E45-470C-8D7A-67FBFA55F4C4}"
EndProject
Project("{2150E333-8FDC-42A3-9474-1A3956D46DE8}") = "Query", "Query", "{46DFEB45-4F7E-4355-A905-A764008A7D39}"
EndProject
Project("{9A19103F-16F7-4668-BE54-9A1E7A4F7556}") = "EA.Command.Api", "src\Backends\Command\EA.Command.Api\EA.Command.Api.csproj", "{0E6F37BC-095A-4D35-92A5-201735508A0D}"
EndProject
Project("{9A19103F-16F7-4668-BE54-9A1E7A4F7556}") = "OL.Command.Api", "src\Backends\Command\OL.Command.Api\OL.Command.Api.csproj", "{D52CE8B4-69F3-4563-82D7-84D7C979FE18}"
EndProject
Project("{9A19103F-16F7-4668-BE54-9A1E7A4F7556}") = "OL.Query.Api", "src\Backends\Query\OL.Query.Api\OL.Query.Api.csproj", "{9F67E441-6F0E-44B7-8DD3-5F831ECD7EDB}"
EndProject
Global
	GlobalSection(SolutionConfigurationPlatforms) = preSolution
		Debug|Any CPU = Debug|Any CPU
		Release|Any CPU = Release|Any CPU
	EndGlobalSection
	GlobalSection(ProjectConfigurationPlatforms) = postSolution
		{7E070543-9B11-4EC5-BF0F-AA876BBF3CB3}.Debug|Any CPU.ActiveCfg = Debug|Any CPU
		{7E070543-9B11-4EC5-BF0F-AA876BBF3CB3}.Debug|Any CPU.Build.0 = Debug|Any CPU
		{7E070543-9B11-4EC5-BF0F-AA876BBF3CB3}.Release|Any CPU.ActiveCfg = Release|Any CPU
		{7E070543-9B11-4EC5-BF0F-AA876BBF3CB3}.Release|Any CPU.Build.0 = Release|Any CPU
		{BF4BD7BF-3865-4FB8-9E62-B022360C9141}.Debug|Any CPU.ActiveCfg = Debug|Any CPU
		{BF4BD7BF-3865-4FB8-9E62-B022360C9141}.Debug|Any CPU.Build.0 = Debug|Any CPU
		{BF4BD7BF-3865-4FB8-9E62-B022360C9141}.Release|Any CPU.ActiveCfg = Release|Any CPU
		{BF4BD7BF-3865-4FB8-9E62-B022360C9141}.Release|Any CPU.Build.0 = Release|Any CPU
		{C7C0084A-6B8B-437C-9C09-AF878BAA59DB}.Debug|Any CPU.ActiveCfg = Debug|Any CPU
		{C7C0084A-6B8B-437C-9C09-AF878BAA59DB}.Debug|Any CPU.Build.0 = Debug|Any CPU
		{C7C0084A-6B8B-437C-9C09-AF878BAA59DB}.Release|Any CPU.ActiveCfg = Release|Any CPU
		{C7C0084A-6B8B-437C-9C09-AF878BAA59DB}.Release|Any CPU.Build.0 = Release|Any CPU
		{0AB6F7DB-EDDC-40B9-9CE7-E27499E48351}.Debug|Any CPU.ActiveCfg = Debug|Any CPU
		{0AB6F7DB-EDDC-40B9-9CE7-E27499E48351}.Debug|Any CPU.Build.0 = Debug|Any CPU
		{0AB6F7DB-EDDC-40B9-9CE7-E27499E48351}.Release|Any CPU.ActiveCfg = Release|Any CPU
		{0AB6F7DB-EDDC-40B9-9CE7-E27499E48351}.Release|Any CPU.Build.0 = Release|Any CPU
		{D8FCC3DB-1A1E-4BC1-A0AB-7C2BC4D56B64}.Debug|Any CPU.ActiveCfg = Debug|Any CPU
		{D8FCC3DB-1A1E-4BC1-A0AB-7C2BC4D56B64}.Debug|Any CPU.Build.0 = Debug|Any CPU
		{D8FCC3DB-1A1E-4BC1-A0AB-7C2BC4D56B64}.Release|Any CPU.ActiveCfg = Release|Any CPU
		{D8FCC3DB-1A1E-4BC1-A0AB-7C2BC4D56B64}.Release|Any CPU.Build.0 = Release|Any CPU
		{9F537240-F1CF-4B65-8DCF-2AD7E709F1D5}.Debug|Any CPU.ActiveCfg = Debug|Any CPU
		{9F537240-F1CF-4B65-8DCF-2AD7E709F1D5}.Debug|Any CPU.Build.0 = Debug|Any CPU
		{9F537240-F1CF-4B65-8DCF-2AD7E709F1D5}.Release|Any CPU.ActiveCfg = Release|Any CPU
		{9F537240-F1CF-4B65-8DCF-2AD7E709F1D5}.Release|Any CPU.Build.0 = Release|Any CPU
		{C9EBCF95-BE42-4F73-859B-B19668422F74}.Debug|Any CPU.ActiveCfg = Debug|Any CPU
		{C9EBCF95-BE42-4F73-859B-B19668422F74}.Debug|Any CPU.Build.0 = Debug|Any CPU
		{C9EBCF95-BE42-4F73-859B-B19668422F74}.Release|Any CPU.ActiveCfg = Release|Any CPU
		{C9EBCF95-BE42-4F73-859B-B19668422F74}.Release|Any CPU.Build.0 = Release|Any CPU
		{E6565FA7-35E9-4C13-886A-A65BF4394A3F}.Debug|Any CPU.ActiveCfg = Debug|Any CPU
		{E6565FA7-35E9-4C13-886A-A65BF4394A3F}.Debug|Any CPU.Build.0 = Debug|Any CPU
		{E6565FA7-35E9-4C13-886A-A65BF4394A3F}.Release|Any CPU.ActiveCfg = Release|Any CPU
		{E6565FA7-35E9-4C13-886A-A65BF4394A3F}.Release|Any CPU.Build.0 = Release|Any CPU
		{4DBA1762-B672-4A6A-82C5-2CCFAA07C30E}.Debug|Any CPU.ActiveCfg = Debug|Any CPU
		{4DBA1762-B672-4A6A-82C5-2CCFAA07C30E}.Debug|Any CPU.Build.0 = Debug|Any CPU
		{4DBA1762-B672-4A6A-82C5-2CCFAA07C30E}.Release|Any CPU.ActiveCfg = Release|Any CPU
		{4DBA1762-B672-4A6A-82C5-2CCFAA07C30E}.Release|Any CPU.Build.0 = Release|Any CPU
		{48C56897-62A5-4D4A-BF9B-67A74CC573C4}.Debug|Any CPU.ActiveCfg = Debug|Any CPU
		{48C56897-62A5-4D4A-BF9B-67A74CC573C4}.Debug|Any CPU.Build.0 = Debug|Any CPU
		{48C56897-62A5-4D4A-BF9B-67A74CC573C4}.Release|Any CPU.ActiveCfg = Release|Any CPU
		{48C56897-62A5-4D4A-BF9B-67A74CC573C4}.Release|Any CPU.Build.0 = Release|Any CPU
		{00F0E279-91EC-448D-930C-104849D5C553}.Debug|Any CPU.ActiveCfg = Debug|Any CPU
		{00F0E279-91EC-448D-930C-104849D5C553}.Debug|Any CPU.Build.0 = Debug|Any CPU
		{00F0E279-91EC-448D-930C-104849D5C553}.Release|Any CPU.ActiveCfg = Release|Any CPU
		{00F0E279-91EC-448D-930C-104849D5C553}.Release|Any CPU.Build.0 = Release|Any CPU
		{524F4A83-A606-408F-B353-903272AAE59C}.Debug|Any CPU.ActiveCfg = Debug|Any CPU
		{524F4A83-A606-408F-B353-903272AAE59C}.Debug|Any CPU.Build.0 = Debug|Any CPU
		{524F4A83-A606-408F-B353-903272AAE59C}.Release|Any CPU.ActiveCfg = Release|Any CPU
		{524F4A83-A606-408F-B353-903272AAE59C}.Release|Any CPU.Build.0 = Release|Any CPU
		{BC5FF31D-10C5-49DB-871E-4992F85D010E}.Debug|Any CPU.ActiveCfg = Debug|Any CPU
		{BC5FF31D-10C5-49DB-871E-4992F85D010E}.Debug|Any CPU.Build.0 = Debug|Any CPU
		{BC5FF31D-10C5-49DB-871E-4992F85D010E}.Release|Any CPU.ActiveCfg = Release|Any CPU
		{BC5FF31D-10C5-49DB-871E-4992F85D010E}.Release|Any CPU.Build.0 = Release|Any CPU
		{A0EF17C4-B72B-4973-BF11-48EECB5E037C}.Debug|Any CPU.ActiveCfg = Debug|Any CPU
		{A0EF17C4-B72B-4973-BF11-48EECB5E037C}.Debug|Any CPU.Build.0 = Debug|Any CPU
		{A0EF17C4-B72B-4973-BF11-48EECB5E037C}.Release|Any CPU.ActiveCfg = Release|Any CPU
		{A0EF17C4-B72B-4973-BF11-48EECB5E037C}.Release|Any CPU.Build.0 = Release|Any CPU
		{E5C2339A-001B-4B37-ACE9-5558702E4C6E}.Debug|Any CPU.ActiveCfg = Debug|Any CPU
		{E5C2339A-001B-4B37-ACE9-5558702E4C6E}.Debug|Any CPU.Build.0 = Debug|Any CPU
		{E5C2339A-001B-4B37-ACE9-5558702E4C6E}.Release|Any CPU.ActiveCfg = Release|Any CPU
		{E5C2339A-001B-4B37-ACE9-5558702E4C6E}.Release|Any CPU.Build.0 = Release|Any CPU
		{2FAAC242-6EB0-4995-9C1C-4082988BA8D6}.Debug|Any CPU.ActiveCfg = Debug|Any CPU
		{2FAAC242-6EB0-4995-9C1C-4082988BA8D6}.Debug|Any CPU.Build.0 = Debug|Any CPU
		{2FAAC242-6EB0-4995-9C1C-4082988BA8D6}.Release|Any CPU.ActiveCfg = Release|Any CPU
		{2FAAC242-6EB0-4995-9C1C-4082988BA8D6}.Release|Any CPU.Build.0 = Release|Any CPU
		{0E6F37BC-095A-4D35-92A5-201735508A0D}.Debug|Any CPU.ActiveCfg = Debug|Any CPU
		{0E6F37BC-095A-4D35-92A5-201735508A0D}.Debug|Any CPU.Build.0 = Debug|Any CPU
		{0E6F37BC-095A-4D35-92A5-201735508A0D}.Release|Any CPU.ActiveCfg = Release|Any CPU
		{0E6F37BC-095A-4D35-92A5-201735508A0D}.Release|Any CPU.Build.0 = Release|Any CPU
		{D52CE8B4-69F3-4563-82D7-84D7C979FE18}.Debug|Any CPU.ActiveCfg = Debug|Any CPU
		{D52CE8B4-69F3-4563-82D7-84D7C979FE18}.Debug|Any CPU.Build.0 = Debug|Any CPU
		{D52CE8B4-69F3-4563-82D7-84D7C979FE18}.Release|Any CPU.ActiveCfg = Release|Any CPU
		{D52CE8B4-69F3-4563-82D7-84D7C979FE18}.Release|Any CPU.Build.0 = Release|Any CPU
		{9F67E441-6F0E-44B7-8DD3-5F831ECD7EDB}.Debug|Any CPU.ActiveCfg = Debug|Any CPU
		{9F67E441-6F0E-44B7-8DD3-5F831ECD7EDB}.Debug|Any CPU.Build.0 = Debug|Any CPU
		{9F67E441-6F0E-44B7-8DD3-5F831ECD7EDB}.Release|Any CPU.ActiveCfg = Release|Any CPU
		{9F67E441-6F0E-44B7-8DD3-5F831ECD7EDB}.Release|Any CPU.Build.0 = Release|Any CPU
	EndGlobalSection
	GlobalSection(SolutionProperties) = preSolution
		HideSolutionNode = FALSE
	EndGlobalSection
	GlobalSection(NestedProjects) = preSolution
		{83422FFD-5864-4721-827A-E9520FD45220} = {B400DD63-F0BF-45F7-9B20-E432258D6C0B}
		{7E070543-9B11-4EC5-BF0F-AA876BBF3CB3} = {83422FFD-5864-4721-827A-E9520FD45220}
		{60892F57-A84D-4A23-BB1C-DFE983FA3879} = {B400DD63-F0BF-45F7-9B20-E432258D6C0B}
		{BF4BD7BF-3865-4FB8-9E62-B022360C9141} = {83422FFD-5864-4721-827A-E9520FD45220}
		{78CC3DDC-DA6D-41D7-9343-ABD51E7A289A} = {B400DD63-F0BF-45F7-9B20-E432258D6C0B}
		{06C70713-1E2B-4A47-B77F-8282CCA818D0} = {B400DD63-F0BF-45F7-9B20-E432258D6C0B}
		{C7C0084A-6B8B-437C-9C09-AF878BAA59DB} = {78CC3DDC-DA6D-41D7-9343-ABD51E7A289A}
		{0AB6F7DB-EDDC-40B9-9CE7-E27499E48351} = {78CC3DDC-DA6D-41D7-9343-ABD51E7A289A}
		{D8FCC3DB-1A1E-4BC1-A0AB-7C2BC4D56B64} = {78CC3DDC-DA6D-41D7-9343-ABD51E7A289A}
		{9F537240-F1CF-4B65-8DCF-2AD7E709F1D5} = {78CC3DDC-DA6D-41D7-9343-ABD51E7A289A}
		{C9EBCF95-BE42-4F73-859B-B19668422F74} = {06C70713-1E2B-4A47-B77F-8282CCA818D0}
		{E6565FA7-35E9-4C13-886A-A65BF4394A3F} = {06C70713-1E2B-4A47-B77F-8282CCA818D0}
		{4DBA1762-B672-4A6A-82C5-2CCFAA07C30E} = {06C70713-1E2B-4A47-B77F-8282CCA818D0}
		{57D0CFBA-B142-4D70-B5CA-CEDB55ED8794} = {B400DD63-F0BF-45F7-9B20-E432258D6C0B}
		{48C56897-62A5-4D4A-BF9B-67A74CC573C4} = {57D0CFBA-B142-4D70-B5CA-CEDB55ED8794}
		{00F0E279-91EC-448D-930C-104849D5C553} = {78CC3DDC-DA6D-41D7-9343-ABD51E7A289A}
		{524F4A83-A606-408F-B353-903272AAE59C} = {06C70713-1E2B-4A47-B77F-8282CCA818D0}
		{BC5FF31D-10C5-49DB-871E-4992F85D010E} = {83422FFD-5864-4721-827A-E9520FD45220}
		{A0EF17C4-B72B-4973-BF11-48EECB5E037C} = {83422FFD-5864-4721-827A-E9520FD45220}
		{706604D9-3DF8-4F96-954B-87D8F810FE8D} = {B400DD63-F0BF-45F7-9B20-E432258D6C0B}
		{E5C2339A-001B-4B37-ACE9-5558702E4C6E} = {706604D9-3DF8-4F96-954B-87D8F810FE8D}
		{2FAAC242-6EB0-4995-9C1C-4082988BA8D6} = {78CC3DDC-DA6D-41D7-9343-ABD51E7A289A}
		{995B34AE-3E45-470C-8D7A-67FBFA55F4C4} = {60892F57-A84D-4A23-BB1C-DFE983FA3879}
		{46DFEB45-4F7E-4355-A905-A764008A7D39} = {60892F57-A84D-4A23-BB1C-DFE983FA3879}
		{0E6F37BC-095A-4D35-92A5-201735508A0D} = {995B34AE-3E45-470C-8D7A-67FBFA55F4C4}
		{D52CE8B4-69F3-4563-82D7-84D7C979FE18} = {995B34AE-3E45-470C-8D7A-67FBFA55F4C4}
		{9F67E441-6F0E-44B7-8DD3-5F831ECD7EDB} = {46DFEB45-4F7E-4355-A905-A764008A7D39}
	EndGlobalSection
	GlobalSection(ExtensibilityGlobals) = postSolution
		SolutionGuid = {49B3C395-DE7F-43DE-B235-30EB8755F8D8}
	EndGlobalSection
EndGlobal
