
Microsoft Visual Studio Solution File, Format Version 12.00
# Visual Studio Version 17
VisualStudioVersion = 17.7.34003.232
MinimumVisualStudioVersion = 10.0.40219.1
Project("{2150E333-8FDC-42A3-9474-1A3956D46DE8}") = "src", "src", "{B400DD63-F0BF-45F7-9B20-E432258D6C0B}"
EndProject
Project("{2150E333-8FDC-42A3-9474-1A3956D46DE8}") = "Core", "Core", "{4D854523-8313-4DFC-BCBB-AC3D50D3DD33}"
EndProject
Project("{2150E333-8FDC-42A3-9474-1A3956D46DE8}") = "External", "External", "{2DDF8124-6FED-4DB2-B20F-4E7158117863}"
EndProject
Project("{9A19103F-16F7-4668-BE54-9A1E7A4F7556}") = "Application", "src\Core\Application\Application.csproj", "{F0F7C78C-AAF3-49CF-A7A0-5D04AB4D5DFB}"
EndProject
Project("{9A19103F-16F7-4668-BE54-9A1E7A4F7556}") = "Domain", "src\Core\Domain\Domain.csproj", "{AC16B48E-0243-4F84-933D-C49584C37D58}"
EndProject
Project("{9A19103F-16F7-4668-BE54-9A1E7A4F7556}") = "Infrastructure", "src\External\Infrastructure\Infrastructure.csproj", "{96D56414-DC9F-4E95-8533-20241E958CA3}"
EndProject
Project("{9A19103F-16F7-4668-BE54-9A1E7A4F7556}") = "Presentation", "src\External\Presentation\Presentation.csproj", "{9170BA04-CED9-4D2C-AE64-52FC324FA163}"
EndProject
Project("{2150E333-8FDC-42A3-9474-1A3956D46DE8}") = "Services", "Services", "{83422FFD-5864-4721-827A-E9520FD45220}"
EndProject
Project("{9A19103F-16F7-4668-BE54-9A1E7A4F7556}") = "Parser.Worker", "src\Services\Parser.Worker\Parser.Worker.csproj", "{7E070543-9B11-4EC5-BF0F-AA876BBF3CB3}"
EndProject
Project("{2150E333-8FDC-42A3-9474-1A3956D46DE8}") = "UI", "src\UI", "{C73199F0-5DAA-4B5E-9445-567AE9624506}"
EndProject
Project("{54A90642-561A-4BB1-A94E-469ADEE60C69}") = "Shop.UI", "src\UI\Shop.UI\Shop.UI.esproj", "{36A74001-0EC9-4C63-88A9-8EB42A3933A1}"
EndProject
Project("{2150E333-8FDC-42A3-9474-1A3956D46DE8}") = "Api", "src\Api", "{60892F57-A84D-4A23-BB1C-DFE983FA3879}"
EndProject
Project("{FAE04EC0-301F-11D3-BF4B-00C04F79EFBC}") = "Shop.ClientApi", "src\Api\Shop.ClientApi\Shop.ClientApi.csproj", "{EFDC984A-25E0-4539-8212-F48A0100E486}"
EndProject
Project("{FAE04EC0-301F-11D3-BF4B-00C04F79EFBC}") = "Parser.Infrastructure", "src\Services\Parser.Infrastructure\Parser.Infrastructure.csproj", "{BF4BD7BF-3865-4FB8-9E62-B022360C9141}"
EndProject
Global
	GlobalSection(SolutionConfigurationPlatforms) = preSolution
		Debug|Any CPU = Debug|Any CPU
		Release|Any CPU = Release|Any CPU
	EndGlobalSection
	GlobalSection(ProjectConfigurationPlatforms) = postSolution
		{F0F7C78C-AAF3-49CF-A7A0-5D04AB4D5DFB}.Debug|Any CPU.ActiveCfg = Debug|Any CPU
		{F0F7C78C-AAF3-49CF-A7A0-5D04AB4D5DFB}.Debug|Any CPU.Build.0 = Debug|Any CPU
		{F0F7C78C-AAF3-49CF-A7A0-5D04AB4D5DFB}.Release|Any CPU.ActiveCfg = Release|Any CPU
		{F0F7C78C-AAF3-49CF-A7A0-5D04AB4D5DFB}.Release|Any CPU.Build.0 = Release|Any CPU
		{AC16B48E-0243-4F84-933D-C49584C37D58}.Debug|Any CPU.ActiveCfg = Debug|Any CPU
		{AC16B48E-0243-4F84-933D-C49584C37D58}.Debug|Any CPU.Build.0 = Debug|Any CPU
		{AC16B48E-0243-4F84-933D-C49584C37D58}.Release|Any CPU.ActiveCfg = Release|Any CPU
		{AC16B48E-0243-4F84-933D-C49584C37D58}.Release|Any CPU.Build.0 = Release|Any CPU
		{96D56414-DC9F-4E95-8533-20241E958CA3}.Debug|Any CPU.ActiveCfg = Debug|Any CPU
		{96D56414-DC9F-4E95-8533-20241E958CA3}.Debug|Any CPU.Build.0 = Debug|Any CPU
		{96D56414-DC9F-4E95-8533-20241E958CA3}.Release|Any CPU.ActiveCfg = Release|Any CPU
		{96D56414-DC9F-4E95-8533-20241E958CA3}.Release|Any CPU.Build.0 = Release|Any CPU
		{9170BA04-CED9-4D2C-AE64-52FC324FA163}.Debug|Any CPU.ActiveCfg = Debug|Any CPU
		{9170BA04-CED9-4D2C-AE64-52FC324FA163}.Debug|Any CPU.Build.0 = Debug|Any CPU
		{9170BA04-CED9-4D2C-AE64-52FC324FA163}.Release|Any CPU.ActiveCfg = Release|Any CPU
		{9170BA04-CED9-4D2C-AE64-52FC324FA163}.Release|Any CPU.Build.0 = Release|Any CPU
		{7E070543-9B11-4EC5-BF0F-AA876BBF3CB3}.Debug|Any CPU.ActiveCfg = Debug|Any CPU
		{7E070543-9B11-4EC5-BF0F-AA876BBF3CB3}.Debug|Any CPU.Build.0 = Debug|Any CPU
		{7E070543-9B11-4EC5-BF0F-AA876BBF3CB3}.Release|Any CPU.ActiveCfg = Release|Any CPU
		{7E070543-9B11-4EC5-BF0F-AA876BBF3CB3}.Release|Any CPU.Build.0 = Release|Any CPU
		{36A74001-0EC9-4C63-88A9-8EB42A3933A1}.Debug|Any CPU.ActiveCfg = Debug|Any CPU
		{36A74001-0EC9-4C63-88A9-8EB42A3933A1}.Debug|Any CPU.Build.0 = Debug|Any CPU
		{36A74001-0EC9-4C63-88A9-8EB42A3933A1}.Debug|Any CPU.Deploy.0 = Debug|Any CPU
		{36A74001-0EC9-4C63-88A9-8EB42A3933A1}.Release|Any CPU.ActiveCfg = Release|Any CPU
		{36A74001-0EC9-4C63-88A9-8EB42A3933A1}.Release|Any CPU.Build.0 = Release|Any CPU
		{36A74001-0EC9-4C63-88A9-8EB42A3933A1}.Release|Any CPU.Deploy.0 = Release|Any CPU
		{EFDC984A-25E0-4539-8212-F48A0100E486}.Debug|Any CPU.ActiveCfg = Debug|Any CPU
		{EFDC984A-25E0-4539-8212-F48A0100E486}.Debug|Any CPU.Build.0 = Debug|Any CPU
		{EFDC984A-25E0-4539-8212-F48A0100E486}.Release|Any CPU.ActiveCfg = Release|Any CPU
		{EFDC984A-25E0-4539-8212-F48A0100E486}.Release|Any CPU.Build.0 = Release|Any CPU
		{BF4BD7BF-3865-4FB8-9E62-B022360C9141}.Debug|Any CPU.ActiveCfg = Debug|Any CPU
		{BF4BD7BF-3865-4FB8-9E62-B022360C9141}.Debug|Any CPU.Build.0 = Debug|Any CPU
		{BF4BD7BF-3865-4FB8-9E62-B022360C9141}.Release|Any CPU.ActiveCfg = Release|Any CPU
		{BF4BD7BF-3865-4FB8-9E62-B022360C9141}.Release|Any CPU.Build.0 = Release|Any CPU
	EndGlobalSection
	GlobalSection(SolutionProperties) = preSolution
		HideSolutionNode = FALSE
	EndGlobalSection
	GlobalSection(NestedProjects) = preSolution
		{4D854523-8313-4DFC-BCBB-AC3D50D3DD33} = {B400DD63-F0BF-45F7-9B20-E432258D6C0B}
		{2DDF8124-6FED-4DB2-B20F-4E7158117863} = {B400DD63-F0BF-45F7-9B20-E432258D6C0B}
		{F0F7C78C-AAF3-49CF-A7A0-5D04AB4D5DFB} = {4D854523-8313-4DFC-BCBB-AC3D50D3DD33}
		{AC16B48E-0243-4F84-933D-C49584C37D58} = {4D854523-8313-4DFC-BCBB-AC3D50D3DD33}
		{96D56414-DC9F-4E95-8533-20241E958CA3} = {2DDF8124-6FED-4DB2-B20F-4E7158117863}
		{9170BA04-CED9-4D2C-AE64-52FC324FA163} = {2DDF8124-6FED-4DB2-B20F-4E7158117863}
		{83422FFD-5864-4721-827A-E9520FD45220} = {B400DD63-F0BF-45F7-9B20-E432258D6C0B}
		{7E070543-9B11-4EC5-BF0F-AA876BBF3CB3} = {83422FFD-5864-4721-827A-E9520FD45220}
		{C73199F0-5DAA-4B5E-9445-567AE9624506} = {B400DD63-F0BF-45F7-9B20-E432258D6C0B}
		{36A74001-0EC9-4C63-88A9-8EB42A3933A1} = {C73199F0-5DAA-4B5E-9445-567AE9624506}
		{60892F57-A84D-4A23-BB1C-DFE983FA3879} = {B400DD63-F0BF-45F7-9B20-E432258D6C0B}
		{EFDC984A-25E0-4539-8212-F48A0100E486} = {60892F57-A84D-4A23-BB1C-DFE983FA3879}
		{BF4BD7BF-3865-4FB8-9E62-B022360C9141} = {83422FFD-5864-4721-827A-E9520FD45220}
	EndGlobalSection
	GlobalSection(ExtensibilityGlobals) = postSolution
		SolutionGuid = {49B3C395-DE7F-43DE-B235-30EB8755F8D8}
	EndGlobalSection
EndGlobal
